
Microsoft Visual Studio Solution File, Format Version 12.00
# Visual Studio Version 17
VisualStudioVersion = 17.5.33424.131
MinimumVisualStudioVersion = 10.0.40219.1
Project("{8BC9CEB8-8B4A-11D0-8D11-00A0C91BC942}") = "GameEngineBase", "GameEngineBase\GameEngineBase.vcxproj", "{A6E9BFEE-96EC-4FC9-9219-12202F5126CC}"
EndProject
Project("{8BC9CEB8-8B4A-11D0-8D11-00A0C91BC942}") = "GameEnginePlatform", "GameEnginePlatform\GameEnginePlatform.vcxproj", "{012509BD-0610-46F2-BCEF-076C0828D24F}"
	ProjectSection(ProjectDependencies) = postProject
		{A6E9BFEE-96EC-4FC9-9219-12202F5126CC} = {A6E9BFEE-96EC-4FC9-9219-12202F5126CC}
	EndProjectSection
EndProject
Project("{2150E333-8FDC-42A3-9474-1A3956D46DE8}") = "App", "App", "{2B08C858-EA6E-462C-9D78-7F8FF5ABFC43}"
EndProject
Project("{8BC9CEB8-8B4A-11D0-8D11-00A0C91BC942}") = "App", "App\App.vcxproj", "{BE443224-137F-4607-B7A2-341434A69F06}"
	ProjectSection(ProjectDependencies) = postProject
		{012509BD-0610-46F2-BCEF-076C0828D24F} = {012509BD-0610-46F2-BCEF-076C0828D24F}
		{4FCB06A4-36BC-495F-8A16-1C25998007A2} = {4FCB06A4-36BC-495F-8A16-1C25998007A2}
		{A6E9BFEE-96EC-4FC9-9219-12202F5126CC} = {A6E9BFEE-96EC-4FC9-9219-12202F5126CC}
		{B85C0F7B-2EE6-4FF1-8C95-7FE7F148119A} = {B85C0F7B-2EE6-4FF1-8C95-7FE7F148119A}
	EndProjectSection
EndProject
Project("{2150E333-8FDC-42A3-9474-1A3956D46DE8}") = "Engine", "Engine", "{DD401DC8-D3E5-4CF3-82D6-7783FE93028A}"
EndProject
Project("{2150E333-8FDC-42A3-9474-1A3956D46DE8}") = "Level1", "Level1", "{C28CA58F-F67C-4017-827B-CFAEBD292BA4}"
EndProject
Project("{2150E333-8FDC-42A3-9474-1A3956D46DE8}") = "Level0", "Level0", "{DE0DD320-2103-439C-928B-07CF1A4E45A7}"
EndProject
Project("{8BC9CEB8-8B4A-11D0-8D11-00A0C91BC942}") = "GameEngineCore", "GameEngineCore\GameEngineCore.vcxproj", "{4FCB06A4-36BC-495F-8A16-1C25998007A2}"
	ProjectSection(ProjectDependencies) = postProject
		{012509BD-0610-46F2-BCEF-076C0828D24F} = {012509BD-0610-46F2-BCEF-076C0828D24F}
		{A6E9BFEE-96EC-4FC9-9219-12202F5126CC} = {A6E9BFEE-96EC-4FC9-9219-12202F5126CC}
	EndProjectSection
EndProject
Project("{2150E333-8FDC-42A3-9474-1A3956D46DE8}") = "Shader", "Shader", "{4BBD3FB2-752A-4B98-92F6-7F8FF7275917}"
EndProject
Project("{8BC9CEB8-8B4A-11D0-8D11-00A0C91BC942}") = "Shader", "EngineResources\Shader\Shader.vcxproj", "{E08354D1-C960-4DAB-BAF6-BB531A92010E}"
EndProject
Project("{2150E333-8FDC-42A3-9474-1A3956D46DE8}") = "Contents", "Contents", "{325F9FB8-9DBD-43DD-966D-BB1A23CDBCAC}"
EndProject
Project("{8BC9CEB8-8B4A-11D0-8D11-00A0C91BC942}") = "GameEngineContents", "GameEngineContents\GameEngineContents.vcxproj", "{B85C0F7B-2EE6-4FF1-8C95-7FE7F148119A}"
	ProjectSection(ProjectDependencies) = postProject
		{012509BD-0610-46F2-BCEF-076C0828D24F} = {012509BD-0610-46F2-BCEF-076C0828D24F}
		{4FCB06A4-36BC-495F-8A16-1C25998007A2} = {4FCB06A4-36BC-495F-8A16-1C25998007A2}
		{A6E9BFEE-96EC-4FC9-9219-12202F5126CC} = {A6E9BFEE-96EC-4FC9-9219-12202F5126CC}
	EndProjectSection
EndProject
Project("{8BC9CEB8-8B4A-11D0-8D11-00A0C91BC942}") = "ContentsShader", "ContentsShader\ContentsShader.vcxproj", "{F37F1428-2DB1-4397-B24A-6A66CF7E2E0D}"
EndProject
Global
	GlobalSection(SolutionConfigurationPlatforms) = preSolution
		Debug|x64 = Debug|x64
		Debug|x86 = Debug|x86
		Release|x64 = Release|x64
		Release|x86 = Release|x86
	EndGlobalSection
	GlobalSection(ProjectConfigurationPlatforms) = postSolution
		{A6E9BFEE-96EC-4FC9-9219-12202F5126CC}.Debug|x64.ActiveCfg = Debug|x64
		{A6E9BFEE-96EC-4FC9-9219-12202F5126CC}.Debug|x64.Build.0 = Debug|x64
		{A6E9BFEE-96EC-4FC9-9219-12202F5126CC}.Debug|x86.ActiveCfg = Debug|Win32
		{A6E9BFEE-96EC-4FC9-9219-12202F5126CC}.Debug|x86.Build.0 = Debug|Win32
		{A6E9BFEE-96EC-4FC9-9219-12202F5126CC}.Release|x64.ActiveCfg = Release|x64
		{A6E9BFEE-96EC-4FC9-9219-12202F5126CC}.Release|x64.Build.0 = Release|x64
		{A6E9BFEE-96EC-4FC9-9219-12202F5126CC}.Release|x86.ActiveCfg = Release|Win32
		{A6E9BFEE-96EC-4FC9-9219-12202F5126CC}.Release|x86.Build.0 = Release|Win32
		{012509BD-0610-46F2-BCEF-076C0828D24F}.Debug|x64.ActiveCfg = Debug|x64
		{012509BD-0610-46F2-BCEF-076C0828D24F}.Debug|x64.Build.0 = Debug|x64
		{012509BD-0610-46F2-BCEF-076C0828D24F}.Debug|x86.ActiveCfg = Debug|Win32
		{012509BD-0610-46F2-BCEF-076C0828D24F}.Debug|x86.Build.0 = Debug|Win32
		{012509BD-0610-46F2-BCEF-076C0828D24F}.Release|x64.ActiveCfg = Release|x64
		{012509BD-0610-46F2-BCEF-076C0828D24F}.Release|x64.Build.0 = Release|x64
		{012509BD-0610-46F2-BCEF-076C0828D24F}.Release|x86.ActiveCfg = Release|Win32
		{012509BD-0610-46F2-BCEF-076C0828D24F}.Release|x86.Build.0 = Release|Win32
		{BE443224-137F-4607-B7A2-341434A69F06}.Debug|x64.ActiveCfg = Debug|x64
		{BE443224-137F-4607-B7A2-341434A69F06}.Debug|x64.Build.0 = Debug|x64
		{BE443224-137F-4607-B7A2-341434A69F06}.Debug|x86.ActiveCfg = Debug|Win32
		{BE443224-137F-4607-B7A2-341434A69F06}.Debug|x86.Build.0 = Debug|Win32
		{BE443224-137F-4607-B7A2-341434A69F06}.Release|x64.ActiveCfg = Release|x64
		{BE443224-137F-4607-B7A2-341434A69F06}.Release|x64.Build.0 = Release|x64
		{BE443224-137F-4607-B7A2-341434A69F06}.Release|x86.ActiveCfg = Release|Win32
		{BE443224-137F-4607-B7A2-341434A69F06}.Release|x86.Build.0 = Release|Win32
		{4FCB06A4-36BC-495F-8A16-1C25998007A2}.Debug|x64.ActiveCfg = Debug|x64
		{4FCB06A4-36BC-495F-8A16-1C25998007A2}.Debug|x64.Build.0 = Debug|x64
		{4FCB06A4-36BC-495F-8A16-1C25998007A2}.Debug|x86.ActiveCfg = Debug|Win32
		{4FCB06A4-36BC-495F-8A16-1C25998007A2}.Debug|x86.Build.0 = Debug|Win32
		{4FCB06A4-36BC-495F-8A16-1C25998007A2}.Release|x64.ActiveCfg = Release|x64
		{4FCB06A4-36BC-495F-8A16-1C25998007A2}.Release|x64.Build.0 = Release|x64
		{4FCB06A4-36BC-495F-8A16-1C25998007A2}.Release|x86.ActiveCfg = Release|Win32
		{4FCB06A4-36BC-495F-8A16-1C25998007A2}.Release|x86.Build.0 = Release|Win32
		{E08354D1-C960-4DAB-BAF6-BB531A92010E}.Debug|x64.ActiveCfg = Debug|x64
		{E08354D1-C960-4DAB-BAF6-BB531A92010E}.Debug|x64.Build.0 = Debug|x64
		{E08354D1-C960-4DAB-BAF6-BB531A92010E}.Debug|x86.ActiveCfg = Debug|Win32
		{E08354D1-C960-4DAB-BAF6-BB531A92010E}.Debug|x86.Build.0 = Debug|Win32
		{E08354D1-C960-4DAB-BAF6-BB531A92010E}.Release|x64.ActiveCfg = Release|x64
		{E08354D1-C960-4DAB-BAF6-BB531A92010E}.Release|x64.Build.0 = Release|x64
		{E08354D1-C960-4DAB-BAF6-BB531A92010E}.Release|x86.ActiveCfg = Release|Win32
		{E08354D1-C960-4DAB-BAF6-BB531A92010E}.Release|x86.Build.0 = Release|Win32
		{B85C0F7B-2EE6-4FF1-8C95-7FE7F148119A}.Debug|x64.ActiveCfg = Debug|x64
		{B85C0F7B-2EE6-4FF1-8C95-7FE7F148119A}.Debug|x64.Build.0 = Debug|x64
		{B85C0F7B-2EE6-4FF1-8C95-7FE7F148119A}.Debug|x86.ActiveCfg = Debug|Win32
		{B85C0F7B-2EE6-4FF1-8C95-7FE7F148119A}.Debug|x86.Build.0 = Debug|Win32
		{B85C0F7B-2EE6-4FF1-8C95-7FE7F148119A}.Release|x64.ActiveCfg = Release|x64
		{B85C0F7B-2EE6-4FF1-8C95-7FE7F148119A}.Release|x64.Build.0 = Release|x64
		{B85C0F7B-2EE6-4FF1-8C95-7FE7F148119A}.Release|x86.ActiveCfg = Release|Win32
		{B85C0F7B-2EE6-4FF1-8C95-7FE7F148119A}.Release|x86.Build.0 = Release|Win32
		{F37F1428-2DB1-4397-B24A-6A66CF7E2E0D}.Debug|x64.ActiveCfg = Debug|x64
		{F37F1428-2DB1-4397-B24A-6A66CF7E2E0D}.Debug|x64.Build.0 = Debug|x64
		{F37F1428-2DB1-4397-B24A-6A66CF7E2E0D}.Debug|x86.ActiveCfg = Debug|Win32
		{F37F1428-2DB1-4397-B24A-6A66CF7E2E0D}.Debug|x86.Build.0 = Debug|Win32
		{F37F1428-2DB1-4397-B24A-6A66CF7E2E0D}.Release|x64.ActiveCfg = Release|x64
		{F37F1428-2DB1-4397-B24A-6A66CF7E2E0D}.Release|x64.Build.0 = Release|x64
		{F37F1428-2DB1-4397-B24A-6A66CF7E2E0D}.Release|x86.ActiveCfg = Release|Win32
		{F37F1428-2DB1-4397-B24A-6A66CF7E2E0D}.Release|x86.Build.0 = Release|Win32
	EndGlobalSection
	GlobalSection(SolutionProperties) = preSolution
		HideSolutionNode = FALSE
	EndGlobalSection
	GlobalSection(NestedProjects) = preSolution
		{A6E9BFEE-96EC-4FC9-9219-12202F5126CC} = {DE0DD320-2103-439C-928B-07CF1A4E45A7}
		{012509BD-0610-46F2-BCEF-076C0828D24F} = {DE0DD320-2103-439C-928B-07CF1A4E45A7}
		{BE443224-137F-4607-B7A2-341434A69F06} = {2B08C858-EA6E-462C-9D78-7F8FF5ABFC43}
		{C28CA58F-F67C-4017-827B-CFAEBD292BA4} = {DD401DC8-D3E5-4CF3-82D6-7783FE93028A}
		{DE0DD320-2103-439C-928B-07CF1A4E45A7} = {DD401DC8-D3E5-4CF3-82D6-7783FE93028A}
		{4FCB06A4-36BC-495F-8A16-1C25998007A2} = {C28CA58F-F67C-4017-827B-CFAEBD292BA4}
		{E08354D1-C960-4DAB-BAF6-BB531A92010E} = {4BBD3FB2-752A-4B98-92F6-7F8FF7275917}
		{B85C0F7B-2EE6-4FF1-8C95-7FE7F148119A} = {325F9FB8-9DBD-43DD-966D-BB1A23CDBCAC}
		{F37F1428-2DB1-4397-B24A-6A66CF7E2E0D} = {325F9FB8-9DBD-43DD-966D-BB1A23CDBCAC}
	EndGlobalSection
	GlobalSection(ExtensibilityGlobals) = postSolution
		SolutionGuid = {7C286E11-C684-4F98-8A02-7252A93A3561}
	EndGlobalSection
EndGlobal
