<?xml version="1.0" encoding="utf-8"?>
<Project ToolsVersion="4.0" xmlns="http://schemas.microsoft.com/developer/msbuild/2003">
  <ItemGroup>
    <ClCompile Include="CenterLevel.cpp">
      <Filter>Contents\CenterLevel</Filter>
    </ClCompile>
    <ClCompile Include="FadeEffect.cpp">
      <Filter>Component\ContentsRenderer\PostEffect</Filter>
    </ClCompile>
    <ClCompile Include="TestLevel.cpp">
      <Filter>Contents\TestLevel</Filter>
    </ClCompile>
    <ClCompile Include="TestObject.cpp">
      <Filter>Contents\TestLevel\Object</Filter>
    </ClCompile>
    <ClCompile Include="ContentsCore.cpp" />
    <ClCompile Include="BlackScreen.cpp">
      <Filter>Contents\TestLevel\Object</Filter>
    </ClCompile>
    <ClCompile Include="PreCompileHeader.cpp" />
    <ClCompile Include="ServerTestLevel.cpp">
      <Filter>Contents\TestLevel</Filter>
    </ClCompile>
    <ClCompile Include="MapEditorWindow.cpp">
      <Filter>Component\mapeditor</Filter>
    </ClCompile>
    <ClCompile Include="MapEditorLevel.cpp">
      <Filter>Component\mapeditor</Filter>
    </ClCompile>
    <ClCompile Include="ProcessMapInfo.cpp">
      <Filter>Component\mapeditor</Filter>
    </ClCompile>
    <ClCompile Include="PinActor.cpp">
      <Filter>Component\mapeditor</Filter>
    </ClCompile>
    <ClCompile Include="SinkBox_8x8.cpp">
      <Filter>Contents\PlayLevel\MapActor</Filter>
    </ClCompile>
    <ClCompile Include="SinkBox_4x4.cpp">
      <Filter>Contents\PlayLevel\MapActor</Filter>
    </ClCompile>
    <ClCompile Include="ContentFBXRenderer.cpp">
      <Filter>Component\ContentsRenderer</Filter>
    </ClCompile>
    <ClCompile Include="PhysXTestActor.cpp">
      <Filter>Component\PhysX\Test</Filter>
    </ClCompile>
    <ClCompile Include="PhysXBoxComponent.cpp">
      <Filter>Component\PhysX\Component</Filter>
    </ClCompile>
    <ClCompile Include="PhysXCapsuleComponent.cpp">
      <Filter>Component\PhysX\Component</Filter>
    </ClCompile>
    <ClCompile Include="PhysXConvexComponent.cpp">
      <Filter>Component\PhysX\Component</Filter>
    </ClCompile>
    <ClCompile Include="ServerPacket.cpp">
      <Filter>Base\Server\Packet</Filter>
    </ClCompile>
    <ClCompile Include="StartLevel.cpp">
      <Filter>Contents\StartLevel</Filter>
    </ClCompile>
    <ClCompile Include="ContentSpriteRenderer.cpp">
      <Filter>Component\ContentsRenderer</Filter>
    </ClCompile>
    <ClCompile Include="ContentUIRenderer.cpp">
      <Filter>Component\ContentsRenderer</Filter>
    </ClCompile>
    <ClCompile Include="PhysXTriangleComponent.cpp">
      <Filter>Component\PhysX\Component</Filter>
    </ClCompile>
    <ClCompile Include="PhysXSphereComponent.cpp">
      <Filter>Component\PhysX\Component</Filter>
    </ClCompile>
    <ClCompile Include="PhysXLevel.cpp">
      <Filter>Component\PhysX\ParentClass</Filter>
    </ClCompile>
    <ClCompile Include="PhysXActor.cpp">
      <Filter>Component\PhysX\ParentClass</Filter>
    </ClCompile>
    <ClCompile Include="PhysXTestLevel.cpp">
      <Filter>Component\PhysX\Test</Filter>
    </ClCompile>
    <ClCompile Include="PhysXCustom.cpp">
      <Filter>Component\PhysX\ParentClass</Filter>
    </ClCompile>
    <ClCompile Include="PhysXDefault.cpp">
      <Filter>Component\PhysX\ParentClass</Filter>
    </ClCompile>
    <ClCompile Include="PhysXTestPlane.cpp">
      <Filter>Component\PhysX\Test</Filter>
    </ClCompile>
    <ClCompile Include="StartMenu.cpp">
      <Filter>Contents\StartLevel\Actor</Filter>
    </ClCompile>
    <ClCompile Include="ContentUIFontRenderer.cpp">
      <Filter>Component\ContentsRenderer</Filter>
    </ClCompile>
    <ClCompile Include="LevelWindow.cpp">
      <Filter>Base\Controller</Filter>
    </ClCompile>
    <ClCompile Include="ServerWindow.cpp">
      <Filter>Base\Server</Filter>
    </ClCompile>
    <ClCompile Include="Contents_Resources.cpp">
      <Filter>Base</Filter>
    </ClCompile>
    <ClCompile Include="GameContentsMapActor.cpp">
      <Filter>Component\mapeditor</Filter>
    </ClCompile>
    <ClCompile Include="Start_BackGround.cpp">
      <Filter>Contents\StartLevel\Actor</Filter>
    </ClCompile>
    <ClCompile Include="Mouse.cpp">
      <Filter>Contents\UI</Filter>
    </ClCompile>
    <ClCompile Include="UITestLevel.cpp">
      <Filter>Contents\UITestLevel</Filter>
    </ClCompile>
    <ClCompile Include="ContentFBXUIRenderer.cpp">
      <Filter>Component\ContentsRenderer</Filter>
    </ClCompile>
    <ClCompile Include="SkillSlot.cpp">
      <Filter>Contents\UI</Filter>
    </ClCompile>
    <ClCompile Include="HpBar.cpp">
      <Filter>Contents\UI</Filter>
    </ClCompile>
    <ClCompile Include="MpBar.cpp">
      <Filter>Contents\UI</Filter>
    </ClCompile>
    <ClCompile Include="MapTestLevel.cpp">
      <Filter>Contents\TestLevel\MapTestLevel</Filter>
    </ClCompile>
    <ClCompile Include="OfficeLevel.cpp">
      <Filter>Contents\OfficeLevel</Filter>
    </ClCompile>
    <ClCompile Include="PlayerTestLevel.cpp">
      <Filter>Contents\PlayerTestLevel</Filter>
    </ClCompile>
    <ClCompile Include="Map_Emptyplain.cpp">
      <Filter>Contents\TestLevel\MapTestLevel\Actor</Filter>
    </ClCompile>
    <ClCompile Include="PhysXManager.cpp">
      <Filter>Component\PhysX\ParentClass</Filter>
    </ClCompile>
    <ClCompile Include="Map_Office.cpp">
      <Filter>Contents\OfficeLevel\Actor</Filter>
    </ClCompile>
    <ClCompile Include="StreetLamp.cpp">
      <Filter>Contents\Static_Object</Filter>
    </ClCompile>
    <ClCompile Include="TrashCan.cpp">
      <Filter>Contents\Static_Object</Filter>
    </ClCompile>
    <ClCompile Include="Fountain.cpp">
      <Filter>Contents\Static_Object</Filter>
    </ClCompile>
    <ClCompile Include="SemiCircleTable.cpp">
      <Filter>Contents\Static_Object</Filter>
    </ClCompile>
    <ClCompile Include="StaticParticleManager.cpp">
      <Filter>Component\ContentsRenderer\Particle</Filter>
    </ClCompile>
    <ClCompile Include="DynamicParticleManager.cpp">
      <Filter>Component\ContentsRenderer\Particle</Filter>
    </ClCompile>
    <ClCompile Include="ParticleManager.cpp">
      <Filter>Component\ContentsRenderer\Particle</Filter>
    </ClCompile>
    <ClCompile Include="ParticleRenderer.cpp">
      <Filter>Component\ContentsRenderer\Particle</Filter>
    </ClCompile>
    <ClCompile Include="MyTest.cpp">
      <Filter>Contents\UITestLevel</Filter>
    </ClCompile>
    <ClCompile Include="StreetLamp_2.cpp">
      <Filter>Contents\Static_Object</Filter>
    </ClCompile>
    <ClCompile Include="MiniOffice.cpp">
      <Filter>Contents\Static_Object</Filter>
    </ClCompile>
    <ClCompile Include="FlowerPot.cpp">
      <Filter>Contents\Static_Object</Filter>
    </ClCompile>
    <ClCompile Include="MiniDesk.cpp">
      <Filter>Contents\Static_Object</Filter>
    </ClCompile>
    <ClCompile Include="Conveyor.cpp">
      <Filter>Contents\Static_Object</Filter>
    </ClCompile>
    <ClCompile Include="Transform_Wall.cpp">
      <Filter>Contents\Static_Object\Wall</Filter>
    </ClCompile>
    <ClCompile Include="Railing.cpp">
      <Filter>Contents\Static_Object</Filter>
    </ClCompile>
    <ClCompile Include="Bench.cpp">
      <Filter>Contents\Static_Object</Filter>
    </ClCompile>
    <ClCompile Include="MiniPost.cpp">
      <Filter>Contents\Static_Object</Filter>
    </ClCompile>
    <ClCompile Include="PlayerInit.cpp">
      <Filter>FSMObject\Player</Filter>
    </ClCompile>
    <ClCompile Include="Player.cpp">
      <Filter>FSMObject\Player</Filter>
    </ClCompile>
    <ClCompile Include="PlayerFSM.cpp">
      <Filter>FSMObject\Player</Filter>
    </ClCompile>
    <ClCompile Include="MonsterBase.cpp">
      <Filter>FSMObject\Monster</Filter>
    </ClCompile>
    <ClCompile Include="FSMObjectBase.cpp">
      <Filter>FSMObject</Filter>
    </ClCompile>
  </ItemGroup>
  <ItemGroup>
    <ClInclude Include="CenterLevel.h">
      <Filter>Contents\CenterLevel</Filter>
    </ClInclude>
    <ClInclude Include="FadeEffect.h">
      <Filter>Component\ContentsRenderer\PostEffect</Filter>
    </ClInclude>
    <ClInclude Include="TestLevel.h">
      <Filter>Contents\TestLevel</Filter>
    </ClInclude>
    <ClInclude Include="TestObject.h">
      <Filter>Contents\TestLevel\Object</Filter>
    </ClInclude>
    <ClInclude Include="ContentsCore.h" />
    <ClInclude Include="BlackScreen.h">
      <Filter>Contents\TestLevel\Object</Filter>
    </ClInclude>
    <ClInclude Include="PreCompileHeader.h" />
    <ClInclude Include="ServerTestLevel.h">
      <Filter>Contents\TestLevel</Filter>
    </ClInclude>
    <ClInclude Include="MapEditorWindow.h">
      <Filter>Component\mapeditor</Filter>
    </ClInclude>
    <ClInclude Include="MapEditorLevel.h">
      <Filter>Component\mapeditor</Filter>
    </ClInclude>
    <ClInclude Include="MapEditGlobalValue.h">
      <Filter>Component\mapeditor</Filter>
    </ClInclude>
    <ClInclude Include="ProcessMapInfo.h">
      <Filter>Component\mapeditor</Filter>
    </ClInclude>
    <ClInclude Include="PinActor.h">
      <Filter>Component\mapeditor</Filter>
    </ClInclude>
    <ClInclude Include="SinkBox_8x8.h">
      <Filter>Contents\PlayLevel\MapActor</Filter>
    </ClInclude>
    <ClInclude Include="SinkBox_4x4.h">
      <Filter>Contents\PlayLevel\MapActor</Filter>
    </ClInclude>
    <ClInclude Include="ContentFBXRenderer.h">
      <Filter>Component\ContentsRenderer</Filter>
    </ClInclude>
    <ClInclude Include="PhysXTestActor.h">
      <Filter>Component\PhysX\Test</Filter>
    </ClInclude>
    <ClInclude Include="PhysXBoxComponent.h">
      <Filter>Component\PhysX\Component</Filter>
    </ClInclude>
    <ClInclude Include="PhysXCapsuleComponent.h">
      <Filter>Component\PhysX\Component</Filter>
    </ClInclude>
    <ClInclude Include="PhysXConvexComponent.h">
      <Filter>Component\PhysX\Component</Filter>
    </ClInclude>
    <ClInclude Include="PhysXTriangleComponent.h">
      <Filter>Component\PhysX\Component</Filter>
    </ClInclude>
    <ClInclude Include="PhysXSphereComponent.h">
      <Filter>Component\PhysX\Component</Filter>
    </ClInclude>
    <ClInclude Include="PhysXActor.h">
      <Filter>Component\PhysX\ParentClass</Filter>
    </ClInclude>
    <ClInclude Include="PhysXLevel.h">
      <Filter>Component\PhysX\ParentClass</Filter>
    </ClInclude>
    <ClInclude Include="PhysXTestLevel.h">
      <Filter>Component\PhysX\Test</Filter>
    </ClInclude>
    <ClInclude Include="PhysXCustom.h">
      <Filter>Component\PhysX\ParentClass</Filter>
    </ClInclude>
    <ClInclude Include="PhysXDefault.h">
      <Filter>Component\PhysX\ParentClass</Filter>
    </ClInclude>
    <ClInclude Include="PhysXTestPlane.h">
      <Filter>Component\PhysX\Test</Filter>
    </ClInclude>
    <ClInclude Include="ServerPacket.h">
      <Filter>Base\Server\Packet</Filter>
    </ClInclude>
    <ClInclude Include="StartLevel.h">
      <Filter>Contents\StartLevel</Filter>
    </ClInclude>
    <ClInclude Include="ContentSpriteRenderer.h">
      <Filter>Component\ContentsRenderer</Filter>
    </ClInclude>
    <ClInclude Include="ContentUIRenderer.h">
      <Filter>Component\ContentsRenderer</Filter>
    </ClInclude>
    <ClInclude Include="StartMenu.h">
      <Filter>Contents\StartLevel\Actor</Filter>
    </ClInclude>
    <ClInclude Include="ContentUIFontRenderer.h">
      <Filter>Component\ContentsRenderer</Filter>
    </ClInclude>
    <ClInclude Include="LevelWindow.h">
      <Filter>Base\Controller</Filter>
    </ClInclude>
    <ClInclude Include="ServerWindow.h">
      <Filter>Base\Server</Filter>
    </ClInclude>
    <ClInclude Include="ContentsEnum.h" />
    <ClInclude Include="GameContentsMapActor.h">
      <Filter>Component\mapeditor</Filter>
    </ClInclude>
    <ClInclude Include="Start_BackGround.h">
      <Filter>Contents\StartLevel\Actor</Filter>
    </ClInclude>
    <ClInclude Include="Mouse.h">
      <Filter>Contents\UI</Filter>
    </ClInclude>
    <ClInclude Include="UITestLevel.h">
      <Filter>Contents\UITestLevel</Filter>
    </ClInclude>
    <ClInclude Include="ContentFBXUIRenderer.h">
      <Filter>Component\ContentsRenderer</Filter>
    </ClInclude>
    <ClInclude Include="SkillSlot.h">
      <Filter>Contents\UI</Filter>
    </ClInclude>
    <ClInclude Include="HpBar.h">
      <Filter>Contents\UI</Filter>
    </ClInclude>
    <ClInclude Include="MpBar.h">
      <Filter>Contents\UI</Filter>
    </ClInclude>
    <ClInclude Include="MapTestLevel.h">
      <Filter>Contents\TestLevel\MapTestLevel</Filter>
    </ClInclude>
    <ClInclude Include="OfficeLevel.h">
      <Filter>Contents\OfficeLevel</Filter>
    </ClInclude>
    <ClInclude Include="PlayerTestLevel.h">
      <Filter>Contents\PlayerTestLevel</Filter>
    </ClInclude>
    <ClInclude Include="Map_Emptyplain.h">
      <Filter>Contents\TestLevel\MapTestLevel\Actor</Filter>
    </ClInclude>
    <ClInclude Include="PhysXManager.h">
      <Filter>Component\PhysX\ParentClass</Filter>
    </ClInclude>
    <ClInclude Include="Map_Office.h">
      <Filter>Contents\OfficeLevel\Actor</Filter>
    </ClInclude>
    <ClInclude Include="StreetLamp.h">
      <Filter>Contents\Static_Object</Filter>
    </ClInclude>
    <ClInclude Include="TrashCan.h">
      <Filter>Contents\Static_Object</Filter>
    </ClInclude>
    <ClInclude Include="Fountain.h">
      <Filter>Contents\Static_Object</Filter>
    </ClInclude>
    <ClInclude Include="SemiCircleTable.h">
      <Filter>Contents\Static_Object</Filter>
    </ClInclude>
    <ClInclude Include="ParticleStruct.h">
      <Filter>Component\ContentsRenderer\Particle</Filter>
    </ClInclude>
    <ClInclude Include="ParticleRenderer.h">
      <Filter>Component\ContentsRenderer\Particle</Filter>
    </ClInclude>
    <ClInclude Include="DynamicParticleManager.h">
      <Filter>Component\ContentsRenderer\Particle</Filter>
    </ClInclude>
    <ClInclude Include="StaticParticleManager.h">
      <Filter>Component\ContentsRenderer\Particle</Filter>
    </ClInclude>
    <ClInclude Include="ParticleManager.h">
      <Filter>Component\ContentsRenderer\Particle</Filter>
    </ClInclude>
    <ClInclude Include="MyTest.h">
      <Filter>Contents\UITestLevel</Filter>
    </ClInclude>
    <ClInclude Include="StreetLamp_2.h">
      <Filter>Contents\Static_Object</Filter>
    </ClInclude>
    <ClInclude Include="MiniOffice.h">
      <Filter>Contents\Static_Object</Filter>
    </ClInclude>
    <ClInclude Include="FlowerPot.h">
      <Filter>Contents\Static_Object</Filter>
    </ClInclude>
    <ClInclude Include="MiniDesk.h">
      <Filter>Contents\Static_Object</Filter>
    </ClInclude>
    <ClInclude Include="Conveyor.h">
      <Filter>Contents\Static_Object</Filter>
    </ClInclude>
    <ClInclude Include="Transform_Wall.h">
      <Filter>Contents\Static_Object\Wall</Filter>
    </ClInclude>
    <ClInclude Include="Railing.h">
      <Filter>Contents\Static_Object</Filter>
    </ClInclude>
    <ClInclude Include="Bench.h">
      <Filter>Contents\Static_Object</Filter>
    </ClInclude>
    <ClInclude Include="MiniPost.h">
      <Filter>Contents\Static_Object</Filter>
    </ClInclude>
    <ClInclude Include="Player.h">
      <Filter>FSMObject\Player</Filter>
    </ClInclude>
    <ClInclude Include="PlayerDefinition.h">
      <Filter>FSMObject\Player</Filter>
    </ClInclude>
    <ClInclude Include="MonsterBase.h">
      <Filter>FSMObject\Monster</Filter>
    </ClInclude>
    <ClInclude Include="FSMObjectBase.h">
      <Filter>FSMObject</Filter>
    </ClInclude>
  </ItemGroup>
  <ItemGroup>
    <Filter Include="Base">
      <UniqueIdentifier>{b20edcb2-5e16-407a-b3c3-2e05661bf8d8}</UniqueIdentifier>
    </Filter>
    <Filter Include="Base\Controller">
      <UniqueIdentifier>{6051e4a1-084e-4972-a9a4-2452c96a2921}</UniqueIdentifier>
    </Filter>
    <Filter Include="Base\Server">
      <UniqueIdentifier>{b7663b85-6fd3-4f21-b289-cdc522ae4486}</UniqueIdentifier>
    </Filter>
    <Filter Include="Base\Server\Packet">
      <UniqueIdentifier>{87cb09f1-9269-4a47-95d9-45d86e4e2d4f}</UniqueIdentifier>
    </Filter>
    <Filter Include="Component">
      <UniqueIdentifier>{de84afd0-1cc6-4a08-a1f6-a3178aa9aa4d}</UniqueIdentifier>
    </Filter>
    <Filter Include="Component\ContentsRenderer">
      <UniqueIdentifier>{ea47a0a4-5c32-4fb2-9bd1-1b0b0980ad7b}</UniqueIdentifier>
    </Filter>
    <Filter Include="Component\PhysX">
      <UniqueIdentifier>{4d83cbc8-4188-4e36-b30b-1974fd06a430}</UniqueIdentifier>
    </Filter>
    <Filter Include="Component\PhysX\Component">
      <UniqueIdentifier>{d7309d46-1f1f-43b1-9d99-dcb38e66248c}</UniqueIdentifier>
    </Filter>
    <Filter Include="Component\PhysX\ParentClass">
      <UniqueIdentifier>{dabb8312-c38b-4b1b-a797-0ae1c4771dbd}</UniqueIdentifier>
    </Filter>
    <Filter Include="Component\PhysX\Test">
      <UniqueIdentifier>{c0881260-81c3-4478-b5d6-05f3ea633a14}</UniqueIdentifier>
    </Filter>
    <Filter Include="Component\ContentsRenderer\PostEffect">
      <UniqueIdentifier>{d5ea17ab-cd73-4c06-af79-5246cf19158e}</UniqueIdentifier>
    </Filter>
    <Filter Include="Component\mapeditor">
      <UniqueIdentifier>{89975606-5f56-4ef4-845e-15ad963da86d}</UniqueIdentifier>
    </Filter>
    <Filter Include="Contents">
      <UniqueIdentifier>{26cae70b-c653-4444-9083-9f17e36ddd03}</UniqueIdentifier>
    </Filter>
    <Filter Include="Contents\CenterLevel">
      <UniqueIdentifier>{d44676b4-b55b-4b01-b97f-0c42b408d171}</UniqueIdentifier>
    </Filter>
    <Filter Include="Contents\StartLevel">
      <UniqueIdentifier>{ce82898a-ce38-4483-8266-4f610cbc57f4}</UniqueIdentifier>
    </Filter>
    <Filter Include="Contents\StartLevel\Actor">
      <UniqueIdentifier>{c1dcac4a-2650-4b32-b061-bf2031510580}</UniqueIdentifier>
    </Filter>
    <Filter Include="Contents\PlayLevel">
      <UniqueIdentifier>{24783dc1-27e8-4373-b1c1-dd0e053066fe}</UniqueIdentifier>
    </Filter>
    <Filter Include="Contents\PlayLevel\MapActor">
      <UniqueIdentifier>{5dd5f4a8-7587-4241-8ab9-47d33fcde18d}</UniqueIdentifier>
    </Filter>
    <Filter Include="Contents\TestLevel">
      <UniqueIdentifier>{eada6a09-d35b-4d75-a77b-f265879012ad}</UniqueIdentifier>
    </Filter>
    <Filter Include="Contents\TestLevel\Object">
      <UniqueIdentifier>{20971649-8cee-49b6-84ba-e57808e3cfc9}</UniqueIdentifier>
    </Filter>
    <Filter Include="Contents\UITestLevel">
      <UniqueIdentifier>{3fd6a672-fbf5-44c4-922f-dd2e1e6ae53c}</UniqueIdentifier>
    </Filter>
    <Filter Include="Contents\UI">
      <UniqueIdentifier>{74de8639-1ad2-4b61-8191-ce266cf0324a}</UniqueIdentifier>
    </Filter>
    <Filter Include="Contents\TestLevel\MapTestLevel">
      <UniqueIdentifier>{b16eeba7-6471-4f60-98a8-0090176d2813}</UniqueIdentifier>
    </Filter>
    <Filter Include="Contents\OfficeLevel">
      <UniqueIdentifier>{3ed49c97-668f-4942-9b4f-9f84ec5ffac5}</UniqueIdentifier>
    </Filter>
    <Filter Include="Contents\OfficeLevel\Actor">
      <UniqueIdentifier>{7796eaa7-b090-4533-97cc-d83cc6fce77b}</UniqueIdentifier>
    </Filter>
    <Filter Include="Contents\PlayerTestLevel">
      <UniqueIdentifier>{f51af19b-c4ef-4a9b-a75e-fa1d33a8d783}</UniqueIdentifier>
    </Filter>
    <Filter Include="Contents\TestLevel\MapTestLevel\Actor">
      <UniqueIdentifier>{e61b235a-08ef-4d2c-8b42-a38245fea2ca}</UniqueIdentifier>
    </Filter>
    <Filter Include="Contents\Static_Object">
      <UniqueIdentifier>{525c3b97-c219-4a66-ba48-36517941ff49}</UniqueIdentifier>
    </Filter>
    <Filter Include="Component\ContentsRenderer\Particle">
      <UniqueIdentifier>{47fef3f1-0d09-44ae-b450-d11cab6effcc}</UniqueIdentifier>
    </Filter>
    <Filter Include="Contents\Static_Object\Wall">
      <UniqueIdentifier>{0dd36c88-e6ef-4b59-aa21-a028fbaaa996}</UniqueIdentifier>
    </Filter>
    <Filter Include="FSMObject">
      <UniqueIdentifier>{a609c6fe-2488-4096-9de1-f3200194dae1}</UniqueIdentifier>
    </Filter>
    <Filter Include="FSMObject\Player">
      <UniqueIdentifier>{d7d0bb27-7d0a-4e1e-b795-6e8711f07cec}</UniqueIdentifier>
    </Filter>
    <Filter Include="FSMObject\Monster">
      <UniqueIdentifier>{a629260c-d758-43ba-bd9f-46a2479c20db}</UniqueIdentifier>
    </Filter>
  </ItemGroup>
</Project>