<?xml version="1.0" encoding="utf-8"?>
<Project ToolsVersion="4.0" xmlns="http://schemas.microsoft.com/developer/msbuild/2003">
  <ItemGroup>
    <ClCompile Include="CenterLevel.cpp">
      <Filter>CenterLevel</Filter>
    </ClCompile>
    <ClCompile Include="FadeEffect.cpp">
      <Filter>PostEffect</Filter>
    </ClCompile>
    <ClCompile Include="TestLevel.cpp">
      <Filter>TestLevel</Filter>
    </ClCompile>
    <ClCompile Include="TestObject.cpp">
      <Filter>TestLevel\Object</Filter>
    </ClCompile>
    <ClCompile Include="Contents_Resources.cpp" />
    <ClCompile Include="ContentsCore.cpp" />
    <ClCompile Include="BlackScreen.cpp">
      <Filter>TestLevel\Object</Filter>
    </ClCompile>
    <ClCompile Include="PreCompileHeader.cpp" />
    <ClCompile Include="Player.cpp">
      <Filter>TestLevel\Object</Filter>
    </ClCompile>
    <ClCompile Include="LevelWindow.cpp">
      <Filter>GUI</Filter>
    </ClCompile>
    <ClCompile Include="ServerWindow.cpp">
      <Filter>GUI</Filter>
    </ClCompile>
    <ClCompile Include="ConnectIDPacket.cpp">
      <Filter>Packet</Filter>
    </ClCompile>
    <ClCompile Include="ObjectUpdatePacket.cpp">
      <Filter>Packet</Filter>
    </ClCompile>
    <ClCompile Include="ServerTestLevel.cpp">
      <Filter>TestLevel</Filter>
    </ClCompile>
    <ClCompile Include="PhysXTestLevel.cpp">
      <Filter>PhysX</Filter>
    </ClCompile>
  </ItemGroup>
  <ItemGroup>
    <ClInclude Include="CenterLevel.h">
      <Filter>CenterLevel</Filter>
    </ClInclude>
    <ClInclude Include="FadeEffect.h">
      <Filter>PostEffect</Filter>
    </ClInclude>
    <ClInclude Include="TestLevel.h">
      <Filter>TestLevel</Filter>
    </ClInclude>
    <ClInclude Include="TestObject.h">
      <Filter>TestLevel\Object</Filter>
    </ClInclude>
    <ClInclude Include="ContentsCore.h" />
    <ClInclude Include="BlackScreen.h">
      <Filter>TestLevel\Object</Filter>
    </ClInclude>
    <ClInclude Include="ContentsEnum.h" />
    <ClInclude Include="PreCompileHeader.h" />
    <ClInclude Include="Player.h">
      <Filter>TestLevel\Object</Filter>
    </ClInclude>
    <ClInclude Include="LevelWindow.h">
      <Filter>GUI</Filter>
    </ClInclude>
    <ClInclude Include="ServerWindow.h">
      <Filter>GUI</Filter>
    </ClInclude>
    <ClInclude Include="ConnectIDPacket.h">
      <Filter>Packet</Filter>
    </ClInclude>
    <ClInclude Include="ObjectUpdatePacket.h">
      <Filter>Packet</Filter>
    </ClInclude>
    <ClInclude Include="ServerTestLevel.h">
      <Filter>TestLevel</Filter>
    </ClInclude>
    <ClInclude Include="PhysXTestLevel.h">
      <Filter>PhysX</Filter>
    </ClInclude>
  </ItemGroup>
  <ItemGroup>
    <Filter Include="CenterLevel">
      <UniqueIdentifier>{d44676b4-b55b-4b01-b97f-0c42b408d171}</UniqueIdentifier>
    </Filter>
    <Filter Include="PostEffect">
      <UniqueIdentifier>{d5ea17ab-cd73-4c06-af79-5246cf19158e}</UniqueIdentifier>
    </Filter>
    <Filter Include="TestLevel">
      <UniqueIdentifier>{eada6a09-d35b-4d75-a77b-f265879012ad}</UniqueIdentifier>
    </Filter>
    <Filter Include="TestLevel\Object">
      <UniqueIdentifier>{20971649-8cee-49b6-84ba-e57808e3cfc9}</UniqueIdentifier>
    </Filter>
    <Filter Include="GUI">
      <UniqueIdentifier>{830c1ac3-b273-4035-9822-5c88ac53bfb8}</UniqueIdentifier>
    </Filter>
    <Filter Include="Packet">
      <UniqueIdentifier>{7a60a209-6a23-4332-9882-202217e65294}</UniqueIdentifier>
    </Filter>
    <Filter Include="PhysX">
      <UniqueIdentifier>{4d83cbc8-4188-4e36-b30b-1974fd06a430}</UniqueIdentifier>
    </Filter>
  </ItemGroup>
</Project>