<?xml version="1.0" encoding="utf-8"?>
<Project ToolsVersion="4.0" xmlns="http://schemas.microsoft.com/developer/msbuild/2003">
  <ItemGroup>
    <FxCompile Include="ContentMeshShader.hlsl" />
    <FxCompile Include="ContentTextureShader.hlsl" />
    <FxCompile Include="FadeShader.hlsl" />
    <FxCompile Include="ContentRenderBaseValue.fx">
      <Filter>Header</Filter>
    </FxCompile>
    <FxCompile Include="ContentTransform.fx">
      <Filter>Header</Filter>
    </FxCompile>
    <FxCompile Include="ContentAnimation.fx">
      <Filter>Header</Filter>
    </FxCompile>
    <FxCompile Include="ContentLight.fx">
      <Filter>Header</Filter>
    </FxCompile>
    <FxCompile Include="ContentMeshAniShader.hlsl" />
    <FxCompile Include="ContentMeshToonShader.hlsl" />
    <FxCompile Include="FadeDeffered.hlsl" />
    <FxCompile Include="ContentAniMeshDeffered.hlsl" />
  </ItemGroup>
  <ItemGroup>
    <Filter Include="Header">
      <UniqueIdentifier>{eef00498-d33d-45be-9baa-d6003f492226}</UniqueIdentifier>
    </Filter>
  </ItemGroup>
</Project>