<?xml version="1.0" encoding="utf-8"?>
<Project ToolsVersion="4.0" xmlns="http://schemas.microsoft.com/developer/msbuild/2003">
  <ItemGroup>
    <FxCompile Include="ContentRenderBaseValue.fx">
      <Filter>Header</Filter>
    </FxCompile>
    <FxCompile Include="ContentTransform.fx">
      <Filter>Header</Filter>
    </FxCompile>
    <FxCompile Include="ContentAnimation.fx">
      <Filter>Header</Filter>
    </FxCompile>
    <FxCompile Include="ContentLight.fx">
      <Filter>Header</Filter>
    </FxCompile>
    <FxCompile Include="ContentFunction.fx">
      <Filter>Header</Filter>
    </FxCompile>
    <FxCompile Include="ContentAniMeshDeffered.hlsl">
      <Filter>BasicShader</Filter>
    </FxCompile>
    <FxCompile Include="ContentAnitMeshForward.hlsl">
      <Filter>BasicShader</Filter>
    </FxCompile>
    <FxCompile Include="ContentMeshForward.hlsl">
      <Filter>BasicShader</Filter>
    </FxCompile>
    <FxCompile Include="HorizonBlur.hlsl">
      <Filter>Effect</Filter>
    </FxCompile>
    <FxCompile Include="VerticalBlur.hlsl">
      <Filter>Effect</Filter>
    </FxCompile>
    <FxCompile Include="FadeShader.hlsl">
      <Filter>Effect</Filter>
    </FxCompile>
    <FxCompile Include="ContentTextureShader.hlsl">
      <Filter>BasicShader</Filter>
    </FxCompile>
    <FxCompile Include="ContentMeshDeffered.hlsl">
      <Filter>BasicShader</Filter>
    </FxCompile>
    <FxCompile Include="ResultRender.hlsl">
      <Filter>BasicShader</Filter>
    </FxCompile>
    <FxCompile Include="DefferedColorMerge.hlsl">
      <Filter>Effect\Glow</Filter>
    </FxCompile>
    <FxCompile Include="DetectMask.hlsl">
      <Filter>Effect\Glow</Filter>
    </FxCompile>
    <FxCompile Include="AllBlur7x7.hlsl">
      <Filter>Effect\Glow</Filter>
    </FxCompile>
    <FxCompile Include="LightMerge.hlsl">
      <Filter>Effect\Glow</Filter>
    </FxCompile>
    <FxCompile Include="Rain.hlsl">
      <Filter>Effect</Filter>
    </FxCompile>
    <FxCompile Include="GrayScale.hlsl">
      <Filter>Effect</Filter>
    </FxCompile>
    <FxCompile Include="FireShader.hlsl">
      <Filter>Effect</Filter>
    </FxCompile>
    <FxCompile Include="SwordTrailShader.hlsl">
      <Filter>ObjectShader</Filter>
    </FxCompile>
    <FxCompile Include="DustShader.hlsl">
      <Filter>ObjectShader</Filter>
    </FxCompile>
    <FxCompile Include="DetectLuminance.hlsl">
      <Filter>Effect\Bloom</Filter>
    </FxCompile>
    <FxCompile Include="WaterShader.hlsl">
      <Filter>BasicShader</Filter>
    </FxCompile>
    <FxCompile Include="ReflectMesh.hlsl">
      <Filter>BasicShader</Filter>
    </FxCompile>
    <FxCompile Include="ReflectAniMesh.hlsl">
      <Filter>BasicShader</Filter>
    </FxCompile>
    <FxCompile Include="FXAA.hlsl">
      <Filter>Effect\Graphic</Filter>
    </FxCompile>
    <FxCompile Include="GammaCorrection.hlsl">
      <Filter>Effect\Graphic</Filter>
    </FxCompile>
    <FxCompile Include="DustParticle.hlsl">
      <Filter>Effect\Particle</Filter>
    </FxCompile>
    <FxCompile Include="ParticleBasicShader.hlsl">
      <Filter>Effect\Particle</Filter>
    </FxCompile>
    <FxCompile Include="AlphaColorMerge.hlsl">
      <Filter>Effect\Glow</Filter>
    </FxCompile>
    <FxCompile Include="HitCircle.hlsl">
      <Filter>ObjectShader</Filter>
    </FxCompile>
    <FxCompile Include="Particle3D.hlsl">
      <Filter>Effect\Particle</Filter>
    </FxCompile>
    <FxCompile Include="ShockCircle.hlsl">
      <Filter>Effect\Shock</Filter>
    </FxCompile>
    <FxCompile Include="ContentMeshAlpha.hlsl">
      <Filter>BasicShader</Filter>
    </FxCompile>
    <FxCompile Include="WaterDrop.hlsl">
      <Filter>Effect\Particle</Filter>
    </FxCompile>
    <FxCompile Include="ContentMeshUI.hlsl">
      <Filter>BasicShader</Filter>
    </FxCompile>
    <FxCompile Include="ToneMapping.hlsl">
      <Filter>BasicShader</Filter>
    </FxCompile>
    <FxCompile Include="NoLightMesh.hlsl">
      <Filter>BasicShader</Filter>
    </FxCompile>
  </ItemGroup>
  <ItemGroup>
    <Filter Include="Header">
      <UniqueIdentifier>{eef00498-d33d-45be-9baa-d6003f492226}</UniqueIdentifier>
    </Filter>
    <Filter Include="BasicShader">
      <UniqueIdentifier>{24666e1f-3261-4f9e-a4ac-6c039f585046}</UniqueIdentifier>
    </Filter>
    <Filter Include="Effect">
      <UniqueIdentifier>{2377ce25-5fd9-4978-8079-f666b2ee70ad}</UniqueIdentifier>
    </Filter>
    <Filter Include="Effect\Glow">
      <UniqueIdentifier>{73680677-87cb-44d6-8a23-6f3fc68d75ea}</UniqueIdentifier>
    </Filter>
    <Filter Include="ObjectShader">
      <UniqueIdentifier>{a9dbb74c-91ea-4f90-8285-392b95a2df0a}</UniqueIdentifier>
    </Filter>
    <Filter Include="Effect\Bloom">
      <UniqueIdentifier>{66718ebb-476e-4a25-a5c0-555ea905dd6c}</UniqueIdentifier>
    </Filter>
    <Filter Include="Effect\Graphic">
      <UniqueIdentifier>{2292e790-ff25-4fce-96fd-dd70c193f21a}</UniqueIdentifier>
    </Filter>
    <Filter Include="Effect\Particle">
      <UniqueIdentifier>{afc3a8f6-db40-4479-8d70-ffb2d5f0fc9b}</UniqueIdentifier>
    </Filter>
    <Filter Include="Effect\Shock">
      <UniqueIdentifier>{b29e97b6-5454-4c97-8517-465167e96c27}</UniqueIdentifier>
    </Filter>
  </ItemGroup>
  <ItemGroup>
    <ClCompile Include="쉐이더 사용법.txt" />
  </ItemGroup>
</Project>